# THIS IS AN AUTOGENERATED FILE. DO NOT EDIT THIS FILE DIRECTLY.
# yarn lockfile v1


"@types/codemirror@0.0.38":
  version "0.0.38"
  resolved "https://registry.yarnpkg.com/@types/codemirror/-/codemirror-0.0.38.tgz#d07ad45baca499f37151455857ad08804274091e"
  integrity sha1-0HrUW6ykmfNxUUVYV60IgEJ0CR4=

"@types/gl-matrix@^2.2.34":
  version "2.4.5"
  resolved "https://registry.yarnpkg.com/@types/gl-matrix/-/gl-matrix-2.4.5.tgz#80630d88fb74ff8897a2a2855a8a700e6ee19d3e"
  integrity sha512-0L8Mq1+oaIW0oVzGUDbSW+HnTjCNb4CmoIQE5BkoHt/A7x20z0MJ1PnwfH3atty/vbWLGgvJwVu2Mz3SKFiEFw==

"@types/node@^7.0.5":
  version "7.10.9"
  resolved "https://registry.yarnpkg.com/@types/node/-/node-7.10.9.tgz#4343e3b009f8cf5e1ed685e36097b74b4101e880"
  integrity sha512-usSpgoUsRtO5xNV5YEPU8PPnHisFx8u0rokj1BPVn/hDF7zwUDzVLiuKZM38B7z8V2111Fj6kd4rGtQFUZpNOw==

codemirror@^5.25.0:
  version "5.52.0"
  resolved "https://registry.yarnpkg.com/codemirror/-/codemirror-5.52.0.tgz#4dbd6aef7f0e63db826b9a23922f0c03ac75c0a7"
  integrity sha512-K2UB6zjscrfME03HeRe/IuOmCeqNpw7PLKGHThYpLbZEuKf+ZoujJPhxZN4hHJS1O7QyzEsV7JJZGxuQWVaFCg==

gl-matrix@^2.3.2:
  version "2.8.1"
  resolved "https://registry.yarnpkg.com/gl-matrix/-/gl-matrix-2.8.1.tgz#1c7873448eac61d2cd25803a074e837bd42581a3"
  integrity sha512-0YCjVpE3pS5XWlN3J4X7AiAx65+nqAI54LndtVFnQZB6G/FVLkZH8y8V6R3cIoOQR4pUdfwQGd1iwyoXHJ4Qfw==
